schema: '2.0'
stages:
  test:
    cmd: python test.py
    deps:
    - path: test.py
      md5: e7b02c46c49c967c71f31fd1433e7cee
      size: 170
    - path: test.txt
      md5: 69faab6268350295550de7d587bc323d
      size: 7
    outs:
    - path: out.txt
      md5: 69faab6268350295550de7d587bc323d
      size: 7
