schema: '2.0'
stages:
  test:
    cmd: python test.py
    deps:
    - path: test.py
      md5: 48d3f0a69e12eee3f97d0fc266a20a61
      size: 152
    - path: test.txt
      md5: 5d41402abc4b2a76b9719d911017c592
      size: 5
    outs:
    - path: out.txt
      md5: 5d41402abc4b2a76b9719d911017c592
      size: 5
